// !$*UTF8*$!
{
	archiveVersion = 1;
	classes = {
	};
	objectVersion = 46;
	objects = {

/* Begin PBXBuildFile section */
		32848536176407FD00ECE0BE /* EliteHuiViewController.m in Sources */ = {isa = PBXBuildFile; fileRef = 32848535176407FD00ECE0BE /* EliteHuiViewController.m */; };
		3284854217640A9B00ECE0BE /* HomePageViewController.m in Sources */ = {isa = PBXBuildFile; fileRef = 3284854117640A9B00ECE0BE /* HomePageViewController.m */; };
		3284854517640AB200ECE0BE /* ContactsViewController.m in Sources */ = {isa = PBXBuildFile; fileRef = 3284854417640AB200ECE0BE /* ContactsViewController.m */; };
		3284854817640AC300ECE0BE /* UnitViewController.m in Sources */ = {isa = PBXBuildFile; fileRef = 3284854717640AC300ECE0BE /* UnitViewController.m */; };
		3284854B17640ACE00ECE0BE /* MeViewController.m in Sources */ = {isa = PBXBuildFile; fileRef = 3284854A17640ACE00ECE0BE /* MeViewController.m */; };
		3284854E17640AE300ECE0BE /* GalleryViewController.m in Sources */ = {isa = PBXBuildFile; fileRef = 3284854D17640AE300ECE0BE /* GalleryViewController.m */; };
		3284855C1764112F00ECE0BE /* cache.png in Resources */ = {isa = PBXBuildFile; fileRef = 328485501764112F00ECE0BE /* cache.png */; };
		3284855D1764112F00ECE0BE /* cache2x.png in Resources */ = {isa = PBXBuildFile; fileRef = 328485511764112F00ECE0BE /* cache2x.png */; };
		3284855E1764112F00ECE0BE /* ClassicCase.png in Resources */ = {isa = PBXBuildFile; fileRef = 328485521764112F00ECE0BE /* ClassicCase.png */; };
		3284855F1764112F00ECE0BE /* ClassicCase@2x.png in Resources */ = {isa = PBXBuildFile; fileRef = 328485531764112F00ECE0BE /* ClassicCase@2x.png */; };
		328485601764112F00ECE0BE /* homepage.png in Resources */ = {isa = PBXBuildFile; fileRef = 328485541764112F00ECE0BE /* homepage.png */; };
		328485611764112F00ECE0BE /* homepage2x.png in Resources */ = {isa = PBXBuildFile; fileRef = 328485551764112F00ECE0BE /* homepage2x.png */; };
		328485621764112F00ECE0BE /* online.png in Resources */ = {isa = PBXBuildFile; fileRef = 328485561764112F00ECE0BE /* online.png */; };
		328485631764112F00ECE0BE /* online2x.png in Resources */ = {isa = PBXBuildFile; fileRef = 328485571764112F00ECE0BE /* online2x.png */; };
		328485641764112F00ECE0BE /* phone.png in Resources */ = {isa = PBXBuildFile; fileRef = 328485581764112F00ECE0BE /* phone.png */; };
		328485651764112F00ECE0BE /* phone2x.png in Resources */ = {isa = PBXBuildFile; fileRef = 328485591764112F00ECE0BE /* phone2x.png */; };
		328485661764112F00ECE0BE /* tabbar.png in Resources */ = {isa = PBXBuildFile; fileRef = 3284855A1764112F00ECE0BE /* tabbar.png */; };
		328485671764112F00ECE0BE /* tabbar2x.png in Resources */ = {isa = PBXBuildFile; fileRef = 3284855B1764112F00ECE0BE /* tabbar2x.png */; };
		3284856B17641CCF00ECE0BE /* LogViewController.m in Sources */ = {isa = PBXBuildFile; fileRef = 3284856A17641CCF00ECE0BE /* LogViewController.m */; };
		3284857517644C7400ECE0BE /* MBProgressHUD.m in Sources */ = {isa = PBXBuildFile; fileRef = 3284857417644C7400ECE0BE /* MBProgressHUD.m */; };
		328485B817644D6700ECE0BE /* ASIAuthenticationDialog.m in Sources */ = {isa = PBXBuildFile; fileRef = 3284857817644D6700ECE0BE /* ASIAuthenticationDialog.m */; settings = {COMPILER_FLAGS = "-fno-objc-arc"; }; };
		328485B917644D6700ECE0BE /* ASIDataCompressor.m in Sources */ = {isa = PBXBuildFile; fileRef = 3284857B17644D6700ECE0BE /* ASIDataCompressor.m */; settings = {COMPILER_FLAGS = "-fno-objc-arc"; }; };
		328485BA17644D6700ECE0BE /* ASIDataDecompressor.m in Sources */ = {isa = PBXBuildFile; fileRef = 3284857D17644D6700ECE0BE /* ASIDataDecompressor.m */; settings = {COMPILER_FLAGS = "-fno-objc-arc"; }; };
		328485BB17644D6700ECE0BE /* ASIDownloadCache.m in Sources */ = {isa = PBXBuildFile; fileRef = 3284857F17644D6700ECE0BE /* ASIDownloadCache.m */; settings = {COMPILER_FLAGS = "-fno-objc-arc"; }; };
		328485BC17644D6700ECE0BE /* ASIFormDataRequest.m in Sources */ = {isa = PBXBuildFile; fileRef = 3284858117644D6700ECE0BE /* ASIFormDataRequest.m */; settings = {COMPILER_FLAGS = "-fno-objc-arc"; }; };
		328485BD17644D6700ECE0BE /* ASIHTTPRequest.m in Sources */ = {isa = PBXBuildFile; fileRef = 3284858317644D6700ECE0BE /* ASIHTTPRequest.m */; settings = {COMPILER_FLAGS = "-fno-objc-arc"; }; };
		328485BE17644D6700ECE0BE /* ASIInputStream.m in Sources */ = {isa = PBXBuildFile; fileRef = 3284858717644D6700ECE0BE /* ASIInputStream.m */; settings = {COMPILER_FLAGS = "-fno-objc-arc"; }; };
		328485BF17644D6700ECE0BE /* ASINetworkQueue.m in Sources */ = {isa = PBXBuildFile; fileRef = 3284858917644D6700ECE0BE /* ASINetworkQueue.m */; settings = {COMPILER_FLAGS = "-fno-objc-arc"; }; };
		328485C017644D6700ECE0BE /* NSData+MKBase64.m in Sources */ = {isa = PBXBuildFile; fileRef = 3284858E17644D6700ECE0BE /* NSData+MKBase64.m */; };
		328485C117644D6700ECE0BE /* NSDate+RFC1123.m in Sources */ = {isa = PBXBuildFile; fileRef = 3284859017644D6700ECE0BE /* NSDate+RFC1123.m */; };
		328485C217644D6700ECE0BE /* NSDictionary+RequestEncoding.m in Sources */ = {isa = PBXBuildFile; fileRef = 3284859217644D6700ECE0BE /* NSDictionary+RequestEncoding.m */; };
		328485C317644D6700ECE0BE /* NSString+MKNetworkKitAdditions.m in Sources */ = {isa = PBXBuildFile; fileRef = 3284859417644D6700ECE0BE /* NSString+MKNetworkKitAdditions.m */; };
		328485C417644D6700ECE0BE /* UIAlertView+MKNetworkKitAdditions.m in Sources */ = {isa = PBXBuildFile; fileRef = 3284859617644D6700ECE0BE /* UIAlertView+MKNetworkKitAdditions.m */; };
		328485C517644D6700ECE0BE /* MKNetworkEngine.m in Sources */ = {isa = PBXBuildFile; fileRef = 3284859817644D6700ECE0BE /* MKNetworkEngine.m */; };
		328485C617644D6700ECE0BE /* MKNetworkOperation.m in Sources */ = {isa = PBXBuildFile; fileRef = 3284859B17644D6700ECE0BE /* MKNetworkOperation.m */; };
		328485C717644D6700ECE0BE /* Reachability.m in Sources */ = {isa = PBXBuildFile; fileRef = 3284859E17644D6700ECE0BE /* Reachability.m */; };
		328485C817644D6700ECE0BE /* MKAnnotationView+WebCache.m in Sources */ = {isa = PBXBuildFile; fileRef = 328485A117644D6700ECE0BE /* MKAnnotationView+WebCache.m */; };
		328485C917644D6700ECE0BE /* SDImageCache.m in Sources */ = {isa = PBXBuildFile; fileRef = 328485A317644D6700ECE0BE /* SDImageCache.m */; };
		328485CA17644D6700ECE0BE /* SDWebImageDecoder.m in Sources */ = {isa = PBXBuildFile; fileRef = 328485A717644D6700ECE0BE /* SDWebImageDecoder.m */; };
		328485CB17644D6700ECE0BE /* SDWebImageDownloader.m in Sources */ = {isa = PBXBuildFile; fileRef = 328485A917644D6700ECE0BE /* SDWebImageDownloader.m */; };
		328485CC17644D6700ECE0BE /* SDWebImageManager.m in Sources */ = {isa = PBXBuildFile; fileRef = 328485AC17644D6700ECE0BE /* SDWebImageManager.m */; };
		328485CD17644D6700ECE0BE /* SDWebImagePrefetcher.m in Sources */ = {isa = PBXBuildFile; fileRef = 328485AF17644D6700ECE0BE /* SDWebImagePrefetcher.m */; };
		328485CE17644D6700ECE0BE /* UIButton+WebCache.m in Sources */ = {isa = PBXBuildFile; fileRef = 328485B117644D6700ECE0BE /* UIButton+WebCache.m */; };
		328485CF17644D6700ECE0BE /* UIImageView+WebCache.m in Sources */ = {isa = PBXBuildFile; fileRef = 328485B317644D6700ECE0BE /* UIImageView+WebCache.m */; };
		328485D017644D6700ECE0BE /* SVProgressHUD.bundle in Resources */ = {isa = PBXBuildFile; fileRef = 328485B517644D6700ECE0BE /* SVProgressHUD.bundle */; };
		328485D117644D6700ECE0BE /* SVProgressHUD.m in Sources */ = {isa = PBXBuildFile; fileRef = 328485B717644D6700ECE0BE /* SVProgressHUD.m */; };
		328485D317644DAF00ECE0BE /* CFNetwork.framework in Frameworks */ = {isa = PBXBuildFile; fileRef = 328485D217644DAF00ECE0BE /* CFNetwork.framework */; };
		328485D517644DB400ECE0BE /* SystemConfiguration.framework in Frameworks */ = {isa = PBXBuildFile; fileRef = 328485D417644DB400ECE0BE /* SystemConfiguration.framework */; };
		328485D717644DB900ECE0BE /* Security.framework in Frameworks */ = {isa = PBXBuildFile; fileRef = 328485D617644DB900ECE0BE /* Security.framework */; };
		328485D917644DBE00ECE0BE /* QuartzCore.framework in Frameworks */ = {isa = PBXBuildFile; fileRef = 328485D817644DBE00ECE0BE /* QuartzCore.framework */; };
		328485DB17644DD700ECE0BE /* libz.1.2.5.dylib in Frameworks */ = {isa = PBXBuildFile; fileRef = 328485DA17644DD700ECE0BE /* libz.1.2.5.dylib */; };
		328485DD17644DE100ECE0BE /* MobileCoreServices.framework in Frameworks */ = {isa = PBXBuildFile; fileRef = 328485DC17644DE000ECE0BE /* MobileCoreServices.framework */; };
		328485DF17644DE900ECE0BE /* MapKit.framework in Frameworks */ = {isa = PBXBuildFile; fileRef = 328485DE17644DE900ECE0BE /* MapKit.framework */; };
		328485E117644DF200ECE0BE /* ImageIO.framework in Frameworks */ = {isa = PBXBuildFile; fileRef = 328485E017644DF200ECE0BE /* ImageIO.framework */; };
		328485E91764550800ECE0BE /* blueArrow.png in Resources */ = {isa = PBXBuildFile; fileRef = 328485E31764550800ECE0BE /* blueArrow.png */; };
		328485EA1764550800ECE0BE /* blueArrow@2x.png in Resources */ = {isa = PBXBuildFile; fileRef = 328485E41764550800ECE0BE /* blueArrow@2x.png */; };
		328485EB1764550800ECE0BE /* blueArrowDown.png in Resources */ = {isa = PBXBuildFile; fileRef = 328485E51764550800ECE0BE /* blueArrowDown.png */; };
		328485EC1764550800ECE0BE /* blueArrowDown@2x.png in Resources */ = {isa = PBXBuildFile; fileRef = 328485E61764550800ECE0BE /* blueArrowDown@2x.png */; };
		328485ED1764550800ECE0BE /* PullingRefreshTableView.m in Sources */ = {isa = PBXBuildFile; fileRef = 328485E81764550800ECE0BE /* PullingRefreshTableView.m */; settings = {COMPILER_FLAGS = "-fno-objc-arc"; }; };
		328485F91764571D00ECE0BE /* FMDatabase.m in Sources */ = {isa = PBXBuildFile; fileRef = 328485F01764571D00ECE0BE /* FMDatabase.m */; };
		328485FA1764571D00ECE0BE /* FMDatabaseAdditions.m in Sources */ = {isa = PBXBuildFile; fileRef = 328485F21764571D00ECE0BE /* FMDatabaseAdditions.m */; };
		328485FB1764571D00ECE0BE /* FMDatabasePool.m in Sources */ = {isa = PBXBuildFile; fileRef = 328485F41764571D00ECE0BE /* FMDatabasePool.m */; };
		328485FC1764571D00ECE0BE /* FMDatabaseQueue.m in Sources */ = {isa = PBXBuildFile; fileRef = 328485F61764571D00ECE0BE /* FMDatabaseQueue.m */; };
		328485FD1764571D00ECE0BE /* FMResultSet.m in Sources */ = {isa = PBXBuildFile; fileRef = 328485F81764571D00ECE0BE /* FMResultSet.m */; };
		328485FF1764573100ECE0BE /* libsqlite3.0.dylib in Frameworks */ = {isa = PBXBuildFile; fileRef = 328485FE1764573100ECE0BE /* libsqlite3.0.dylib */; };
		328486051764791A00ECE0BE /* HomePageCell.m in Sources */ = {isa = PBXBuildFile; fileRef = 328486041764791A00ECE0BE /* HomePageCell.m */; };
		32A0140B176AB0E000986D02 /* HJFADView.m in Sources */ = {isa = PBXBuildFile; fileRef = 32A0140A176AB0E000986D02 /* HJFADView.m */; };
		32A5F3B8176996F5003F0979 /* ColumnBar.m in Sources */ = {isa = PBXBuildFile; fileRef = 32A5F3B7176996F5003F0979 /* ColumnBar.m */; };
		32A5F3C117699BB0003F0979 /* navbar_left_more.png in Resources */ = {isa = PBXBuildFile; fileRef = 32A5F3B917699BB0003F0979 /* navbar_left_more.png */; };
		32A5F3C217699BB0003F0979 /* navbar_left_more@2x.png in Resources */ = {isa = PBXBuildFile; fileRef = 32A5F3BA17699BB0003F0979 /* navbar_left_more@2x.png */; };
		32A5F3C317699BB0003F0979 /* navbar_right_more.png in Resources */ = {isa = PBXBuildFile; fileRef = 32A5F3BB17699BB0003F0979 /* navbar_right_more.png */; };
		32A5F3C417699BB0003F0979 /* navbar_right_more@2x.png in Resources */ = {isa = PBXBuildFile; fileRef = 32A5F3BC17699BB0003F0979 /* navbar_right_more@2x.png */; };
		32A5F3C517699BB0003F0979 /* navbar_background.png in Resources */ = {isa = PBXBuildFile; fileRef = 32A5F3BD17699BB0003F0979 /* navbar_background.png */; };
		32A5F3C617699BB0003F0979 /* navbar_background@2x.png in Resources */ = {isa = PBXBuildFile; fileRef = 32A5F3BE17699BB0003F0979 /* navbar_background@2x.png */; };
		32A5F3C717699BB0003F0979 /* navbar_selected_background.png in Resources */ = {isa = PBXBuildFile; fileRef = 32A5F3BF17699BB0003F0979 /* navbar_selected_background.png */; };
		32A5F3C817699BB0003F0979 /* navbar_selected_background@2x.png in Resources */ = {isa = PBXBuildFile; fileRef = 32A5F3C017699BB0003F0979 /* navbar_selected_background@2x.png */; };
		32A5F3D11769A25F003F0979 /* EliteHuiHttp.m in Sources */ = {isa = PBXBuildFile; fileRef = 32A5F3CB1769A25F003F0979 /* EliteHuiHttp.m */; };
		32A5F3D21769A25F003F0979 /* HJFiosUI.m in Sources */ = {isa = PBXBuildFile; fileRef = 32A5F3CE1769A25F003F0979 /* HJFiosUI.m */; };
		32A5F3D31769A25F003F0979 /* Util.m in Sources */ = {isa = PBXBuildFile; fileRef = 32A5F3D01769A25F003F0979 /* Util.m */; };
		32B749011762BC0500B32F88 /* UIKit.framework in Frameworks */ = {isa = PBXBuildFile; fileRef = 32B749001762BC0500B32F88 /* UIKit.framework */; };
		32B749031762BC0500B32F88 /* Foundation.framework in Frameworks */ = {isa = PBXBuildFile; fileRef = 32B749021762BC0500B32F88 /* Foundation.framework */; };
		32B749051762BC0500B32F88 /* CoreGraphics.framework in Frameworks */ = {isa = PBXBuildFile; fileRef = 32B749041762BC0500B32F88 /* CoreGraphics.framework */; };
		32B7490B1762BC0500B32F88 /* InfoPlist.strings in Resources */ = {isa = PBXBuildFile; fileRef = 32B749091762BC0500B32F88 /* InfoPlist.strings */; };
		32B7490D1762BC0500B32F88 /* main.m in Sources */ = {isa = PBXBuildFile; fileRef = 32B7490C1762BC0500B32F88 /* main.m */; };
		32B749111762BC0500B32F88 /* AppDelegate.m in Sources */ = {isa = PBXBuildFile; fileRef = 32B749101762BC0500B32F88 /* AppDelegate.m */; };
		32B749131762BC0500B32F88 /* Default.png in Resources */ = {isa = PBXBuildFile; fileRef = 32B749121762BC0500B32F88 /* Default.png */; };
		32B749151762BC0500B32F88 /* Default@2x.png in Resources */ = {isa = PBXBuildFile; fileRef = 32B749141762BC0500B32F88 /* Default@2x.png */; };
		32B749171762BC0500B32F88 /* Default-568h@2x.png in Resources */ = {isa = PBXBuildFile; fileRef = 32B749161762BC0500B32F88 /* Default-568h@2x.png */; };
		32E7E5571766F7B50042C6F7 /* RegisterViewController.m in Sources */ = {isa = PBXBuildFile; fileRef = 32E7E5561766F7B50042C6F7 /* RegisterViewController.m */; };
/* End PBXBuildFile section */

/* Begin PBXFileReference section */
		32848534176407FD00ECE0BE /* EliteHuiViewController.h */ = {isa = PBXFileReference; fileEncoding = 4; lastKnownFileType = sourcecode.c.h; path = EliteHuiViewController.h; sourceTree = "<group>"; };
		32848535176407FD00ECE0BE /* EliteHuiViewController.m */ = {isa = PBXFileReference; fileEncoding = 4; lastKnownFileType = sourcecode.c.objc; path = EliteHuiViewController.m; sourceTree = "<group>"; };
		3284854017640A9B00ECE0BE /* HomePageViewController.h */ = {isa = PBXFileReference; fileEncoding = 4; lastKnownFileType = sourcecode.c.h; path = HomePageViewController.h; sourceTree = "<group>"; };
		3284854117640A9B00ECE0BE /* HomePageViewController.m */ = {isa = PBXFileReference; fileEncoding = 4; lastKnownFileType = sourcecode.c.objc; path = HomePageViewController.m; sourceTree = "<group>"; };
		3284854317640AB200ECE0BE /* ContactsViewController.h */ = {isa = PBXFileReference; fileEncoding = 4; lastKnownFileType = sourcecode.c.h; path = ContactsViewController.h; sourceTree = "<group>"; };
		3284854417640AB200ECE0BE /* ContactsViewController.m */ = {isa = PBXFileReference; fileEncoding = 4; lastKnownFileType = sourcecode.c.objc; path = ContactsViewController.m; sourceTree = "<group>"; };
		3284854617640AC300ECE0BE /* UnitViewController.h */ = {isa = PBXFileReference; fileEncoding = 4; lastKnownFileType = sourcecode.c.h; path = UnitViewController.h; sourceTree = "<group>"; };
		3284854717640AC300ECE0BE /* UnitViewController.m */ = {isa = PBXFileReference; fileEncoding = 4; lastKnownFileType = sourcecode.c.objc; path = UnitViewController.m; sourceTree = "<group>"; };
		3284854917640ACE00ECE0BE /* MeViewController.h */ = {isa = PBXFileReference; fileEncoding = 4; lastKnownFileType = sourcecode.c.h; path = MeViewController.h; sourceTree = "<group>"; };
		3284854A17640ACE00ECE0BE /* MeViewController.m */ = {isa = PBXFileReference; fileEncoding = 4; lastKnownFileType = sourcecode.c.objc; path = MeViewController.m; sourceTree = "<group>"; };
		3284854C17640AE300ECE0BE /* GalleryViewController.h */ = {isa = PBXFileReference; fileEncoding = 4; lastKnownFileType = sourcecode.c.h; path = GalleryViewController.h; sourceTree = "<group>"; };
		3284854D17640AE300ECE0BE /* GalleryViewController.m */ = {isa = PBXFileReference; fileEncoding = 4; lastKnownFileType = sourcecode.c.objc; path = GalleryViewController.m; sourceTree = "<group>"; };
		328485501764112F00ECE0BE /* cache.png */ = {isa = PBXFileReference; lastKnownFileType = image.png; path = cache.png; sourceTree = "<group>"; };
		328485511764112F00ECE0BE /* cache2x.png */ = {isa = PBXFileReference; lastKnownFileType = image.png; path = cache2x.png; sourceTree = "<group>"; };
		328485521764112F00ECE0BE /* ClassicCase.png */ = {isa = PBXFileReference; lastKnownFileType = image.png; path = ClassicCase.png; sourceTree = "<group>"; };
		328485531764112F00ECE0BE /* ClassicCase@2x.png */ = {isa = PBXFileReference; lastKnownFileType = image.png; path = "ClassicCase@2x.png"; sourceTree = "<group>"; };
		328485541764112F00ECE0BE /* homepage.png */ = {isa = PBXFileReference; lastKnownFileType = image.png; path = homepage.png; sourceTree = "<group>"; };
		328485551764112F00ECE0BE /* homepage2x.png */ = {isa = PBXFileReference; lastKnownFileType = image.png; path = homepage2x.png; sourceTree = "<group>"; };
		328485561764112F00ECE0BE /* online.png */ = {isa = PBXFileReference; lastKnownFileType = image.png; path = online.png; sourceTree = "<group>"; };
		328485571764112F00ECE0BE /* online2x.png */ = {isa = PBXFileReference; lastKnownFileType = image.png; path = online2x.png; sourceTree = "<group>"; };
		328485581764112F00ECE0BE /* phone.png */ = {isa = PBXFileReference; lastKnownFileType = image.png; path = phone.png; sourceTree = "<group>"; };
		328485591764112F00ECE0BE /* phone2x.png */ = {isa = PBXFileReference; lastKnownFileType = image.png; path = phone2x.png; sourceTree = "<group>"; };
		3284855A1764112F00ECE0BE /* tabbar.png */ = {isa = PBXFileReference; lastKnownFileType = image.png; path = tabbar.png; sourceTree = "<group>"; };
		3284855B1764112F00ECE0BE /* tabbar2x.png */ = {isa = PBXFileReference; lastKnownFileType = image.png; path = tabbar2x.png; sourceTree = "<group>"; };
		3284856917641CCF00ECE0BE /* LogViewController.h */ = {isa = PBXFileReference; fileEncoding = 4; lastKnownFileType = sourcecode.c.h; path = LogViewController.h; sourceTree = "<group>"; };
		3284856A17641CCF00ECE0BE /* LogViewController.m */ = {isa = PBXFileReference; fileEncoding = 4; lastKnownFileType = sourcecode.c.objc; path = LogViewController.m; sourceTree = "<group>"; };
		3284857317644C7400ECE0BE /* MBProgressHUD.h */ = {isa = PBXFileReference; fileEncoding = 4; lastKnownFileType = sourcecode.c.h; path = MBProgressHUD.h; sourceTree = "<group>"; };
		3284857417644C7400ECE0BE /* MBProgressHUD.m */ = {isa = PBXFileReference; fileEncoding = 4; lastKnownFileType = sourcecode.c.objc; path = MBProgressHUD.m; sourceTree = "<group>"; };
		3284857717644D6700ECE0BE /* ASIAuthenticationDialog.h */ = {isa = PBXFileReference; fileEncoding = 4; lastKnownFileType = sourcecode.c.h; path = ASIAuthenticationDialog.h; sourceTree = "<group>"; };
		3284857817644D6700ECE0BE /* ASIAuthenticationDialog.m */ = {isa = PBXFileReference; fileEncoding = 4; lastKnownFileType = sourcecode.c.objc; path = ASIAuthenticationDialog.m; sourceTree = "<group>"; };
		3284857917644D6700ECE0BE /* ASICacheDelegate.h */ = {isa = PBXFileReference; fileEncoding = 4; lastKnownFileType = sourcecode.c.h; path = ASICacheDelegate.h; sourceTree = "<group>"; };
		3284857A17644D6700ECE0BE /* ASIDataCompressor.h */ = {isa = PBXFileReference; fileEncoding = 4; lastKnownFileType = sourcecode.c.h; path = ASIDataCompressor.h; sourceTree = "<group>"; };
		3284857B17644D6700ECE0BE /* ASIDataCompressor.m */ = {isa = PBXFileReference; fileEncoding = 4; lastKnownFileType = sourcecode.c.objc; path = ASIDataCompressor.m; sourceTree = "<group>"; };
		3284857C17644D6700ECE0BE /* ASIDataDecompressor.h */ = {isa = PBXFileReference; fileEncoding = 4; lastKnownFileType = sourcecode.c.h; path = ASIDataDecompressor.h; sourceTree = "<group>"; };
		3284857D17644D6700ECE0BE /* ASIDataDecompressor.m */ = {isa = PBXFileReference; fileEncoding = 4; lastKnownFileType = sourcecode.c.objc; path = ASIDataDecompressor.m; sourceTree = "<group>"; };
		3284857E17644D6700ECE0BE /* ASIDownloadCache.h */ = {isa = PBXFileReference; fileEncoding = 4; lastKnownFileType = sourcecode.c.h; path = ASIDownloadCache.h; sourceTree = "<group>"; };
		3284857F17644D6700ECE0BE /* ASIDownloadCache.m */ = {isa = PBXFileReference; fileEncoding = 4; lastKnownFileType = sourcecode.c.objc; path = ASIDownloadCache.m; sourceTree = "<group>"; };
		3284858017644D6700ECE0BE /* ASIFormDataRequest.h */ = {isa = PBXFileReference; fileEncoding = 4; lastKnownFileType = sourcecode.c.h; path = ASIFormDataRequest.h; sourceTree = "<group>"; };
		3284858117644D6700ECE0BE /* ASIFormDataRequest.m */ = {isa = PBXFileReference; fileEncoding = 4; lastKnownFileType = sourcecode.c.objc; path = ASIFormDataRequest.m; sourceTree = "<group>"; };
		3284858217644D6700ECE0BE /* ASIHTTPRequest.h */ = {isa = PBXFileReference; fileEncoding = 4; lastKnownFileType = sourcecode.c.h; path = ASIHTTPRequest.h; sourceTree = "<group>"; };
		3284858317644D6700ECE0BE /* ASIHTTPRequest.m */ = {isa = PBXFileReference; fileEncoding = 4; lastKnownFileType = sourcecode.c.objc; path = ASIHTTPRequest.m; sourceTree = "<group>"; };
		3284858417644D6700ECE0BE /* ASIHTTPRequestConfig.h */ = {isa = PBXFileReference; fileEncoding = 4; lastKnownFileType = sourcecode.c.h; path = ASIHTTPRequestConfig.h; sourceTree = "<group>"; };
		3284858517644D6700ECE0BE /* ASIHTTPRequestDelegate.h */ = {isa = PBXFileReference; fileEncoding = 4; lastKnownFileType = sourcecode.c.h; path = ASIHTTPRequestDelegate.h; sourceTree = "<group>"; };
		3284858617644D6700ECE0BE /* ASIInputStream.h */ = {isa = PBXFileReference; fileEncoding = 4; lastKnownFileType = sourcecode.c.h; path = ASIInputStream.h; sourceTree = "<group>"; };
		3284858717644D6700ECE0BE /* ASIInputStream.m */ = {isa = PBXFileReference; fileEncoding = 4; lastKnownFileType = sourcecode.c.objc; path = ASIInputStream.m; sourceTree = "<group>"; };
		3284858817644D6700ECE0BE /* ASINetworkQueue.h */ = {isa = PBXFileReference; fileEncoding = 4; lastKnownFileType = sourcecode.c.h; path = ASINetworkQueue.h; sourceTree = "<group>"; };
		3284858917644D6700ECE0BE /* ASINetworkQueue.m */ = {isa = PBXFileReference; fileEncoding = 4; lastKnownFileType = sourcecode.c.objc; path = ASINetworkQueue.m; sourceTree = "<group>"; };
		3284858A17644D6700ECE0BE /* ASIProgressDelegate.h */ = {isa = PBXFileReference; fileEncoding = 4; lastKnownFileType = sourcecode.c.h; path = ASIProgressDelegate.h; sourceTree = "<group>"; };
		3284858D17644D6700ECE0BE /* NSData+MKBase64.h */ = {isa = PBXFileReference; fileEncoding = 4; lastKnownFileType = sourcecode.c.h; path = "NSData+MKBase64.h"; sourceTree = "<group>"; };
		3284858E17644D6700ECE0BE /* NSData+MKBase64.m */ = {isa = PBXFileReference; fileEncoding = 4; lastKnownFileType = sourcecode.c.objc; path = "NSData+MKBase64.m"; sourceTree = "<group>"; };
		3284858F17644D6700ECE0BE /* NSDate+RFC1123.h */ = {isa = PBXFileReference; fileEncoding = 4; lastKnownFileType = sourcecode.c.h; path = "NSDate+RFC1123.h"; sourceTree = "<group>"; };
		3284859017644D6700ECE0BE /* NSDate+RFC1123.m */ = {isa = PBXFileReference; fileEncoding = 4; lastKnownFileType = sourcecode.c.objc; path = "NSDate+RFC1123.m"; sourceTree = "<group>"; };
		3284859117644D6700ECE0BE /* NSDictionary+RequestEncoding.h */ = {isa = PBXFileReference; fileEncoding = 4; lastKnownFileType = sourcecode.c.h; path = "NSDictionary+RequestEncoding.h"; sourceTree = "<group>"; };
		3284859217644D6700ECE0BE /* NSDictionary+RequestEncoding.m */ = {isa = PBXFileReference; fileEncoding = 4; lastKnownFileType = sourcecode.c.objc; path = "NSDictionary+RequestEncoding.m"; sourceTree = "<group>"; };
		3284859317644D6700ECE0BE /* NSString+MKNetworkKitAdditions.h */ = {isa = PBXFileReference; fileEncoding = 4; lastKnownFileType = sourcecode.c.h; path = "NSString+MKNetworkKitAdditions.h"; sourceTree = "<group>"; };
		3284859417644D6700ECE0BE /* NSString+MKNetworkKitAdditions.m */ = {isa = PBXFileReference; fileEncoding = 4; lastKnownFileType = sourcecode.c.objc; path = "NSString+MKNetworkKitAdditions.m"; sourceTree = "<group>"; };
		3284859517644D6700ECE0BE /* UIAlertView+MKNetworkKitAdditions.h */ = {isa = PBXFileReference; fileEncoding = 4; lastKnownFileType = sourcecode.c.h; path = "UIAlertView+MKNetworkKitAdditions.h"; sourceTree = "<group>"; };
		3284859617644D6700ECE0BE /* UIAlertView+MKNetworkKitAdditions.m */ = {isa = PBXFileReference; fileEncoding = 4; lastKnownFileType = sourcecode.c.objc; path = "UIAlertView+MKNetworkKitAdditions.m"; sourceTree = "<group>"; };
		3284859717644D6700ECE0BE /* MKNetworkEngine.h */ = {isa = PBXFileReference; fileEncoding = 4; lastKnownFileType = sourcecode.c.h; path = MKNetworkEngine.h; sourceTree = "<group>"; };
		3284859817644D6700ECE0BE /* MKNetworkEngine.m */ = {isa = PBXFileReference; fileEncoding = 4; lastKnownFileType = sourcecode.c.objc; path = MKNetworkEngine.m; sourceTree = "<group>"; };
		3284859917644D6700ECE0BE /* MKNetworkKit.h */ = {isa = PBXFileReference; fileEncoding = 4; lastKnownFileType = sourcecode.c.h; path = MKNetworkKit.h; sourceTree = "<group>"; };
		3284859A17644D6700ECE0BE /* MKNetworkOperation.h */ = {isa = PBXFileReference; fileEncoding = 4; lastKnownFileType = sourcecode.c.h; path = MKNetworkOperation.h; sourceTree = "<group>"; };
		3284859B17644D6700ECE0BE /* MKNetworkOperation.m */ = {isa = PBXFileReference; fileEncoding = 4; lastKnownFileType = sourcecode.c.objc; path = MKNetworkOperation.m; sourceTree = "<group>"; };
		3284859D17644D6700ECE0BE /* Reachability.h */ = {isa = PBXFileReference; fileEncoding = 4; lastKnownFileType = sourcecode.c.h; path = Reachability.h; sourceTree = "<group>"; };
		3284859E17644D6700ECE0BE /* Reachability.m */ = {isa = PBXFileReference; fileEncoding = 4; lastKnownFileType = sourcecode.c.objc; path = Reachability.m; sourceTree = "<group>"; };
		328485A017644D6700ECE0BE /* MKAnnotationView+WebCache.h */ = {isa = PBXFileReference; fileEncoding = 4; lastKnownFileType = sourcecode.c.h; path = "MKAnnotationView+WebCache.h"; sourceTree = "<group>"; };
		328485A117644D6700ECE0BE /* MKAnnotationView+WebCache.m */ = {isa = PBXFileReference; fileEncoding = 4; lastKnownFileType = sourcecode.c.objc; path = "MKAnnotationView+WebCache.m"; sourceTree = "<group>"; };
		328485A217644D6700ECE0BE /* SDImageCache.h */ = {isa = PBXFileReference; fileEncoding = 4; lastKnownFileType = sourcecode.c.h; path = SDImageCache.h; sourceTree = "<group>"; };
		328485A317644D6700ECE0BE /* SDImageCache.m */ = {isa = PBXFileReference; fileEncoding = 4; lastKnownFileType = sourcecode.c.objc; path = SDImageCache.m; sourceTree = "<group>"; };
		328485A417644D6700ECE0BE /* SDImageCacheDelegate.h */ = {isa = PBXFileReference; fileEncoding = 4; lastKnownFileType = sourcecode.c.h; path = SDImageCacheDelegate.h; sourceTree = "<group>"; };
		328485A517644D6700ECE0BE /* SDWebImageCompat.h */ = {isa = PBXFileReference; fileEncoding = 4; lastKnownFileType = sourcecode.c.h; path = SDWebImageCompat.h; sourceTree = "<group>"; };
		328485A617644D6700ECE0BE /* SDWebImageDecoder.h */ = {isa = PBXFileReference; fileEncoding = 4; lastKnownFileType = sourcecode.c.h; path = SDWebImageDecoder.h; sourceTree = "<group>"; };
		328485A717644D6700ECE0BE /* SDWebImageDecoder.m */ = {isa = PBXFileReference; fileEncoding = 4; lastKnownFileType = sourcecode.c.objc; path = SDWebImageDecoder.m; sourceTree = "<group>"; };
		328485A817644D6700ECE0BE /* SDWebImageDownloader.h */ = {isa = PBXFileReference; fileEncoding = 4; lastKnownFileType = sourcecode.c.h; path = SDWebImageDownloader.h; sourceTree = "<group>"; };
		328485A917644D6700ECE0BE /* SDWebImageDownloader.m */ = {isa = PBXFileReference; fileEncoding = 4; lastKnownFileType = sourcecode.c.objc; path = SDWebImageDownloader.m; sourceTree = "<group>"; };
		328485AA17644D6700ECE0BE /* SDWebImageDownloaderDelegate.h */ = {isa = PBXFileReference; fileEncoding = 4; lastKnownFileType = sourcecode.c.h; path = SDWebImageDownloaderDelegate.h; sourceTree = "<group>"; };
		328485AB17644D6700ECE0BE /* SDWebImageManager.h */ = {isa = PBXFileReference; fileEncoding = 4; lastKnownFileType = sourcecode.c.h; path = SDWebImageManager.h; sourceTree = "<group>"; };
		328485AC17644D6700ECE0BE /* SDWebImageManager.m */ = {isa = PBXFileReference; fileEncoding = 4; lastKnownFileType = sourcecode.c.objc; path = SDWebImageManager.m; sourceTree = "<group>"; };
		328485AD17644D6700ECE0BE /* SDWebImageManagerDelegate.h */ = {isa = PBXFileReference; fileEncoding = 4; lastKnownFileType = sourcecode.c.h; path = SDWebImageManagerDelegate.h; sourceTree = "<group>"; };
		328485AE17644D6700ECE0BE /* SDWebImagePrefetcher.h */ = {isa = PBXFileReference; fileEncoding = 4; lastKnownFileType = sourcecode.c.h; path = SDWebImagePrefetcher.h; sourceTree = "<group>"; };
		328485AF17644D6700ECE0BE /* SDWebImagePrefetcher.m */ = {isa = PBXFileReference; fileEncoding = 4; lastKnownFileType = sourcecode.c.objc; path = SDWebImagePrefetcher.m; sourceTree = "<group>"; };
		328485B017644D6700ECE0BE /* UIButton+WebCache.h */ = {isa = PBXFileReference; fileEncoding = 4; lastKnownFileType = sourcecode.c.h; path = "UIButton+WebCache.h"; sourceTree = "<group>"; };
		328485B117644D6700ECE0BE /* UIButton+WebCache.m */ = {isa = PBXFileReference; fileEncoding = 4; lastKnownFileType = sourcecode.c.objc; path = "UIButton+WebCache.m"; sourceTree = "<group>"; };
		328485B217644D6700ECE0BE /* UIImageView+WebCache.h */ = {isa = PBXFileReference; fileEncoding = 4; lastKnownFileType = sourcecode.c.h; path = "UIImageView+WebCache.h"; sourceTree = "<group>"; };
		328485B317644D6700ECE0BE /* UIImageView+WebCache.m */ = {isa = PBXFileReference; fileEncoding = 4; lastKnownFileType = sourcecode.c.objc; path = "UIImageView+WebCache.m"; sourceTree = "<group>"; };
		328485B517644D6700ECE0BE /* SVProgressHUD.bundle */ = {isa = PBXFileReference; lastKnownFileType = "wrapper.plug-in"; path = SVProgressHUD.bundle; sourceTree = "<group>"; };
		328485B617644D6700ECE0BE /* SVProgressHUD.h */ = {isa = PBXFileReference; fileEncoding = 4; lastKnownFileType = sourcecode.c.h; path = SVProgressHUD.h; sourceTree = "<group>"; };
		328485B717644D6700ECE0BE /* SVProgressHUD.m */ = {isa = PBXFileReference; fileEncoding = 4; lastKnownFileType = sourcecode.c.objc; path = SVProgressHUD.m; sourceTree = "<group>"; };
		328485D217644DAF00ECE0BE /* CFNetwork.framework */ = {isa = PBXFileReference; lastKnownFileType = wrapper.framework; name = CFNetwork.framework; path = System/Library/Frameworks/CFNetwork.framework; sourceTree = SDKROOT; };
		328485D417644DB400ECE0BE /* SystemConfiguration.framework */ = {isa = PBXFileReference; lastKnownFileType = wrapper.framework; name = SystemConfiguration.framework; path = System/Library/Frameworks/SystemConfiguration.framework; sourceTree = SDKROOT; };
		328485D617644DB900ECE0BE /* Security.framework */ = {isa = PBXFileReference; lastKnownFileType = wrapper.framework; name = Security.framework; path = System/Library/Frameworks/Security.framework; sourceTree = SDKROOT; };
		328485D817644DBE00ECE0BE /* QuartzCore.framework */ = {isa = PBXFileReference; lastKnownFileType = wrapper.framework; name = QuartzCore.framework; path = System/Library/Frameworks/QuartzCore.framework; sourceTree = SDKROOT; };
		328485DA17644DD700ECE0BE /* libz.1.2.5.dylib */ = {isa = PBXFileReference; lastKnownFileType = "compiled.mach-o.dylib"; name = libz.1.2.5.dylib; path = usr/lib/libz.1.2.5.dylib; sourceTree = SDKROOT; };
		328485DC17644DE000ECE0BE /* MobileCoreServices.framework */ = {isa = PBXFileReference; lastKnownFileType = wrapper.framework; name = MobileCoreServices.framework; path = System/Library/Frameworks/MobileCoreServices.framework; sourceTree = SDKROOT; };
		328485DE17644DE900ECE0BE /* MapKit.framework */ = {isa = PBXFileReference; lastKnownFileType = wrapper.framework; name = MapKit.framework; path = System/Library/Frameworks/MapKit.framework; sourceTree = SDKROOT; };
		328485E017644DF200ECE0BE /* ImageIO.framework */ = {isa = PBXFileReference; lastKnownFileType = wrapper.framework; name = ImageIO.framework; path = System/Library/Frameworks/ImageIO.framework; sourceTree = SDKROOT; };
		328485E31764550800ECE0BE /* blueArrow.png */ = {isa = PBXFileReference; lastKnownFileType = image.png; path = blueArrow.png; sourceTree = "<group>"; };
		328485E41764550800ECE0BE /* blueArrow@2x.png */ = {isa = PBXFileReference; lastKnownFileType = image.png; path = "blueArrow@2x.png"; sourceTree = "<group>"; };
		328485E51764550800ECE0BE /* blueArrowDown.png */ = {isa = PBXFileReference; lastKnownFileType = image.png; path = blueArrowDown.png; sourceTree = "<group>"; };
		328485E61764550800ECE0BE /* blueArrowDown@2x.png */ = {isa = PBXFileReference; lastKnownFileType = image.png; path = "blueArrowDown@2x.png"; sourceTree = "<group>"; };
		328485E71764550800ECE0BE /* PullingRefreshTableView.h */ = {isa = PBXFileReference; fileEncoding = 4; lastKnownFileType = sourcecode.c.h; path = PullingRefreshTableView.h; sourceTree = "<group>"; };
		328485E81764550800ECE0BE /* PullingRefreshTableView.m */ = {isa = PBXFileReference; fileEncoding = 4; lastKnownFileType = sourcecode.c.objc; path = PullingRefreshTableView.m; sourceTree = "<group>"; };
		328485EF1764571D00ECE0BE /* FMDatabase.h */ = {isa = PBXFileReference; fileEncoding = 4; lastKnownFileType = sourcecode.c.h; path = FMDatabase.h; sourceTree = "<group>"; };
		328485F01764571D00ECE0BE /* FMDatabase.m */ = {isa = PBXFileReference; fileEncoding = 4; lastKnownFileType = sourcecode.c.objc; path = FMDatabase.m; sourceTree = "<group>"; };
		328485F11764571D00ECE0BE /* FMDatabaseAdditions.h */ = {isa = PBXFileReference; fileEncoding = 4; lastKnownFileType = sourcecode.c.h; path = FMDatabaseAdditions.h; sourceTree = "<group>"; };
		328485F21764571D00ECE0BE /* FMDatabaseAdditions.m */ = {isa = PBXFileReference; fileEncoding = 4; lastKnownFileType = sourcecode.c.objc; path = FMDatabaseAdditions.m; sourceTree = "<group>"; };
		328485F31764571D00ECE0BE /* FMDatabasePool.h */ = {isa = PBXFileReference; fileEncoding = 4; lastKnownFileType = sourcecode.c.h; path = FMDatabasePool.h; sourceTree = "<group>"; };
		328485F41764571D00ECE0BE /* FMDatabasePool.m */ = {isa = PBXFileReference; fileEncoding = 4; lastKnownFileType = sourcecode.c.objc; path = FMDatabasePool.m; sourceTree = "<group>"; };
		328485F51764571D00ECE0BE /* FMDatabaseQueue.h */ = {isa = PBXFileReference; fileEncoding = 4; lastKnownFileType = sourcecode.c.h; path = FMDatabaseQueue.h; sourceTree = "<group>"; };
		328485F61764571D00ECE0BE /* FMDatabaseQueue.m */ = {isa = PBXFileReference; fileEncoding = 4; lastKnownFileType = sourcecode.c.objc; path = FMDatabaseQueue.m; sourceTree = "<group>"; };
		328485F71764571D00ECE0BE /* FMResultSet.h */ = {isa = PBXFileReference; fileEncoding = 4; lastKnownFileType = sourcecode.c.h; path = FMResultSet.h; sourceTree = "<group>"; };
		328485F81764571D00ECE0BE /* FMResultSet.m */ = {isa = PBXFileReference; fileEncoding = 4; lastKnownFileType = sourcecode.c.objc; path = FMResultSet.m; sourceTree = "<group>"; };
		328485FE1764573100ECE0BE /* libsqlite3.0.dylib */ = {isa = PBXFileReference; lastKnownFileType = "compiled.mach-o.dylib"; name = libsqlite3.0.dylib; path = usr/lib/libsqlite3.0.dylib; sourceTree = SDKROOT; };
		328486031764791A00ECE0BE /* HomePageCell.h */ = {isa = PBXFileReference; fileEncoding = 4; lastKnownFileType = sourcecode.c.h; path = HomePageCell.h; sourceTree = "<group>"; };
		328486041764791A00ECE0BE /* HomePageCell.m */ = {isa = PBXFileReference; fileEncoding = 4; lastKnownFileType = sourcecode.c.objc; path = HomePageCell.m; sourceTree = "<group>"; };
		32A01409176AB0E000986D02 /* HJFADView.h */ = {isa = PBXFileReference; fileEncoding = 4; lastKnownFileType = sourcecode.c.h; path = HJFADView.h; sourceTree = "<group>"; };
		32A0140A176AB0E000986D02 /* HJFADView.m */ = {isa = PBXFileReference; fileEncoding = 4; lastKnownFileType = sourcecode.c.objc; path = HJFADView.m; sourceTree = "<group>"; };
		32A5F3B6176996F5003F0979 /* ColumnBar.h */ = {isa = PBXFileReference; fileEncoding = 4; lastKnownFileType = sourcecode.c.h; path = ColumnBar.h; sourceTree = "<group>"; };
		32A5F3B7176996F5003F0979 /* ColumnBar.m */ = {isa = PBXFileReference; fileEncoding = 4; lastKnownFileType = sourcecode.c.objc; path = ColumnBar.m; sourceTree = "<group>"; };
		32A5F3B917699BB0003F0979 /* navbar_left_more.png */ = {isa = PBXFileReference; lastKnownFileType = image.png; path = navbar_left_more.png; sourceTree = "<group>"; };
		32A5F3BA17699BB0003F0979 /* navbar_left_more@2x.png */ = {isa = PBXFileReference; lastKnownFileType = image.png; path = "navbar_left_more@2x.png"; sourceTree = "<group>"; };
		32A5F3BB17699BB0003F0979 /* navbar_right_more.png */ = {isa = PBXFileReference; lastKnownFileType = image.png; path = navbar_right_more.png; sourceTree = "<group>"; };
		32A5F3BC17699BB0003F0979 /* navbar_right_more@2x.png */ = {isa = PBXFileReference; lastKnownFileType = image.png; path = "navbar_right_more@2x.png"; sourceTree = "<group>"; };
		32A5F3BD17699BB0003F0979 /* navbar_background.png */ = {isa = PBXFileReference; lastKnownFileType = image.png; path = navbar_background.png; sourceTree = "<group>"; };
		32A5F3BE17699BB0003F0979 /* navbar_background@2x.png */ = {isa = PBXFileReference; lastKnownFileType = image.png; path = "navbar_background@2x.png"; sourceTree = "<group>"; };
		32A5F3BF17699BB0003F0979 /* navbar_selected_background.png */ = {isa = PBXFileReference; lastKnownFileType = image.png; path = navbar_selected_background.png; sourceTree = "<group>"; };
		32A5F3C017699BB0003F0979 /* navbar_selected_background@2x.png */ = {isa = PBXFileReference; lastKnownFileType = image.png; path = "navbar_selected_background@2x.png"; sourceTree = "<group>"; };
		32A5F3CA1769A25F003F0979 /* EliteHuiHttp.h */ = {isa = PBXFileReference; fileEncoding = 4; lastKnownFileType = sourcecode.c.h; path = EliteHuiHttp.h; sourceTree = "<group>"; };
		32A5F3CB1769A25F003F0979 /* EliteHuiHttp.m */ = {isa = PBXFileReference; fileEncoding = 4; lastKnownFileType = sourcecode.c.objc; path = EliteHuiHttp.m; sourceTree = "<group>"; };
		32A5F3CC1769A25F003F0979 /* GrandHeader.h */ = {isa = PBXFileReference; fileEncoding = 4; lastKnownFileType = sourcecode.c.h; path = GrandHeader.h; sourceTree = "<group>"; };
		32A5F3CD1769A25F003F0979 /* HJFiosUI.h */ = {isa = PBXFileReference; fileEncoding = 4; lastKnownFileType = sourcecode.c.h; path = HJFiosUI.h; sourceTree = "<group>"; };
		32A5F3CE1769A25F003F0979 /* HJFiosUI.m */ = {isa = PBXFileReference; fileEncoding = 4; lastKnownFileType = sourcecode.c.objc; path = HJFiosUI.m; sourceTree = "<group>"; };
		32A5F3CF1769A25F003F0979 /* Util.h */ = {isa = PBXFileReference; fileEncoding = 4; lastKnownFileType = sourcecode.c.h; path = Util.h; sourceTree = "<group>"; };
		32A5F3D01769A25F003F0979 /* Util.m */ = {isa = PBXFileReference; fileEncoding = 4; lastKnownFileType = sourcecode.c.objc; path = Util.m; sourceTree = "<group>"; };
		32B748FD1762BC0500B32F88 /* EliteHui.app */ = {isa = PBXFileReference; explicitFileType = wrapper.application; includeInIndex = 0; path = EliteHui.app; sourceTree = BUILT_PRODUCTS_DIR; };
		32B749001762BC0500B32F88 /* UIKit.framework */ = {isa = PBXFileReference; lastKnownFileType = wrapper.framework; name = UIKit.framework; path = System/Library/Frameworks/UIKit.framework; sourceTree = SDKROOT; };
		32B749021762BC0500B32F88 /* Foundation.framework */ = {isa = PBXFileReference; lastKnownFileType = wrapper.framework; name = Foundation.framework; path = System/Library/Frameworks/Foundation.framework; sourceTree = SDKROOT; };
		32B749041762BC0500B32F88 /* CoreGraphics.framework */ = {isa = PBXFileReference; lastKnownFileType = wrapper.framework; name = CoreGraphics.framework; path = System/Library/Frameworks/CoreGraphics.framework; sourceTree = SDKROOT; };
		32B749081762BC0500B32F88 /* EliteHui-Info.plist */ = {isa = PBXFileReference; lastKnownFileType = text.plist.xml; path = "EliteHui-Info.plist"; sourceTree = "<group>"; };
		32B7490A1762BC0500B32F88 /* en */ = {isa = PBXFileReference; lastKnownFileType = text.plist.strings; name = en; path = en.lproj/InfoPlist.strings; sourceTree = "<group>"; };
		32B7490C1762BC0500B32F88 /* main.m */ = {isa = PBXFileReference; lastKnownFileType = sourcecode.c.objc; path = main.m; sourceTree = "<group>"; };
		32B7490E1762BC0500B32F88 /* EliteHui-Prefix.pch */ = {isa = PBXFileReference; lastKnownFileType = sourcecode.c.h; path = "EliteHui-Prefix.pch"; sourceTree = "<group>"; };
		32B7490F1762BC0500B32F88 /* AppDelegate.h */ = {isa = PBXFileReference; lastKnownFileType = sourcecode.c.h; path = AppDelegate.h; sourceTree = "<group>"; };
		32B749101762BC0500B32F88 /* AppDelegate.m */ = {isa = PBXFileReference; lastKnownFileType = sourcecode.c.objc; path = AppDelegate.m; sourceTree = "<group>"; };
		32B749121762BC0500B32F88 /* Default.png */ = {isa = PBXFileReference; lastKnownFileType = image.png; path = Default.png; sourceTree = "<group>"; };
		32B749141762BC0500B32F88 /* Default@2x.png */ = {isa = PBXFileReference; lastKnownFileType = image.png; path = "Default@2x.png"; sourceTree = "<group>"; };
		32B749161762BC0500B32F88 /* Default-568h@2x.png */ = {isa = PBXFileReference; lastKnownFileType = image.png; path = "Default-568h@2x.png"; sourceTree = "<group>"; };
		32E7E5551766F7B50042C6F7 /* RegisterViewController.h */ = {isa = PBXFileReference; fileEncoding = 4; lastKnownFileType = sourcecode.c.h; path = RegisterViewController.h; sourceTree = "<group>"; };
		32E7E5561766F7B50042C6F7 /* RegisterViewController.m */ = {isa = PBXFileReference; fileEncoding = 4; lastKnownFileType = sourcecode.c.objc; path = RegisterViewController.m; sourceTree = "<group>"; };
/* End PBXFileReference section */

/* Begin PBXFrameworksBuildPhase section */
		32B748FA1762BC0500B32F88 /* Frameworks */ = {
			isa = PBXFrameworksBuildPhase;
			buildActionMask = 2147483647;
			files = (
				328485FF1764573100ECE0BE /* libsqlite3.0.dylib in Frameworks */,
				328485DB17644DD700ECE0BE /* libz.1.2.5.dylib in Frameworks */,
				328485E117644DF200ECE0BE /* ImageIO.framework in Frameworks */,
				328485DF17644DE900ECE0BE /* MapKit.framework in Frameworks */,
				328485DD17644DE100ECE0BE /* MobileCoreServices.framework in Frameworks */,
				328485D917644DBE00ECE0BE /* QuartzCore.framework in Frameworks */,
				328485D717644DB900ECE0BE /* Security.framework in Frameworks */,
				328485D517644DB400ECE0BE /* SystemConfiguration.framework in Frameworks */,
				328485D317644DAF00ECE0BE /* CFNetwork.framework in Frameworks */,
				32B749011762BC0500B32F88 /* UIKit.framework in Frameworks */,
				32B749031762BC0500B32F88 /* Foundation.framework in Frameworks */,
				32B749051762BC0500B32F88 /* CoreGraphics.framework in Frameworks */,
			);
			runOnlyForDeploymentPostprocessing = 0;
		};
/* End PBXFrameworksBuildPhase section */

/* Begin PBXGroup section */
		3284853B17640A7700ECE0BE /* baibaixiang */ = {
			isa = PBXGroup;
			children = (
				3284854C17640AE300ECE0BE /* GalleryViewController.h */,
				3284854D17640AE300ECE0BE /* GalleryViewController.m */,
			);
			path = baibaixiang;
			sourceTree = "<group>";
		};
		3284853C17640A7700ECE0BE /* danwei */ = {
			isa = PBXGroup;
			children = (
				3284854617640AC300ECE0BE /* UnitViewController.h */,
				3284854717640AC300ECE0BE /* UnitViewController.m */,
			);
			path = danwei;
			sourceTree = "<group>";
		};
		3284853D17640A7700ECE0BE /* shouye */ = {
			isa = PBXGroup;
			children = (
				3284854017640A9B00ECE0BE /* HomePageViewController.h */,
				3284854117640A9B00ECE0BE /* HomePageViewController.m */,
			);
			path = shouye;
			sourceTree = "<group>";
		};
		3284853E17640A7700ECE0BE /* tongxunlu */ = {
			isa = PBXGroup;
			children = (
				3284854317640AB200ECE0BE /* ContactsViewController.h */,
				3284854417640AB200ECE0BE /* ContactsViewController.m */,
			);
			path = tongxunlu;
			sourceTree = "<group>";
		};
		3284853F17640A7700ECE0BE /* wo */ = {
			isa = PBXGroup;
			children = (
				3284854917640ACE00ECE0BE /* MeViewController.h */,
				3284854A17640ACE00ECE0BE /* MeViewController.m */,
			);
			path = wo;
			sourceTree = "<group>";
		};
		3284854F1764112F00ECE0BE /* tabbar */ = {
			isa = PBXGroup;
			children = (
				328485501764112F00ECE0BE /* cache.png */,
				328485511764112F00ECE0BE /* cache2x.png */,
				328485521764112F00ECE0BE /* ClassicCase.png */,
				328485531764112F00ECE0BE /* ClassicCase@2x.png */,
				328485541764112F00ECE0BE /* homepage.png */,
				328485551764112F00ECE0BE /* homepage2x.png */,
				328485561764112F00ECE0BE /* online.png */,
				328485571764112F00ECE0BE /* online2x.png */,
				328485581764112F00ECE0BE /* phone.png */,
				328485591764112F00ECE0BE /* phone2x.png */,
				3284855A1764112F00ECE0BE /* tabbar.png */,
				3284855B1764112F00ECE0BE /* tabbar2x.png */,
			);
			path = tabbar;
			sourceTree = "<group>";
		};
		3284856817641CB800ECE0BE /* denglu */ = {
			isa = PBXGroup;
			children = (
				3284856917641CCF00ECE0BE /* LogViewController.h */,
				3284856A17641CCF00ECE0BE /* LogViewController.m */,
				32E7E5551766F7B50042C6F7 /* RegisterViewController.h */,
				32E7E5561766F7B50042C6F7 /* RegisterViewController.m */,
			);
			path = denglu;
			sourceTree = "<group>";
		};
		3284857217644C6800ECE0BE /* MBProgressHUD */ = {
			isa = PBXGroup;
			children = (
				3284857317644C7400ECE0BE /* MBProgressHUD.h */,
				3284857417644C7400ECE0BE /* MBProgressHUD.m */,
			);
			path = MBProgressHUD;
			sourceTree = "<group>";
		};
		3284857617644D6600ECE0BE /* ASIHttpRequest */ = {
			isa = PBXGroup;
			children = (
				3284857717644D6700ECE0BE /* ASIAuthenticationDialog.h */,
				3284857817644D6700ECE0BE /* ASIAuthenticationDialog.m */,
				3284857917644D6700ECE0BE /* ASICacheDelegate.h */,
				3284857A17644D6700ECE0BE /* ASIDataCompressor.h */,
				3284857B17644D6700ECE0BE /* ASIDataCompressor.m */,
				3284857C17644D6700ECE0BE /* ASIDataDecompressor.h */,
				3284857D17644D6700ECE0BE /* ASIDataDecompressor.m */,
				3284857E17644D6700ECE0BE /* ASIDownloadCache.h */,
				3284857F17644D6700ECE0BE /* ASIDownloadCache.m */,
				3284858017644D6700ECE0BE /* ASIFormDataRequest.h */,
				3284858117644D6700ECE0BE /* ASIFormDataRequest.m */,
				3284858217644D6700ECE0BE /* ASIHTTPRequest.h */,
				3284858317644D6700ECE0BE /* ASIHTTPRequest.m */,
				3284858417644D6700ECE0BE /* ASIHTTPRequestConfig.h */,
				3284858517644D6700ECE0BE /* ASIHTTPRequestDelegate.h */,
				3284858617644D6700ECE0BE /* ASIInputStream.h */,
				3284858717644D6700ECE0BE /* ASIInputStream.m */,
				3284858817644D6700ECE0BE /* ASINetworkQueue.h */,
				3284858917644D6700ECE0BE /* ASINetworkQueue.m */,
				3284858A17644D6700ECE0BE /* ASIProgressDelegate.h */,
			);
			path = ASIHttpRequest;
			sourceTree = "<group>";
		};
		3284858B17644D6700ECE0BE /* MKNetworkKit */ = {
			isa = PBXGroup;
			children = (
				3284858C17644D6700ECE0BE /* Categories */,
				3284859717644D6700ECE0BE /* MKNetworkEngine.h */,
				3284859817644D6700ECE0BE /* MKNetworkEngine.m */,
				3284859917644D6700ECE0BE /* MKNetworkKit.h */,
				3284859A17644D6700ECE0BE /* MKNetworkOperation.h */,
				3284859B17644D6700ECE0BE /* MKNetworkOperation.m */,
				3284859C17644D6700ECE0BE /* Reachability */,
			);
			path = MKNetworkKit;
			sourceTree = "<group>";
		};
		3284858C17644D6700ECE0BE /* Categories */ = {
			isa = PBXGroup;
			children = (
				3284858D17644D6700ECE0BE /* NSData+MKBase64.h */,
				3284858E17644D6700ECE0BE /* NSData+MKBase64.m */,
				3284858F17644D6700ECE0BE /* NSDate+RFC1123.h */,
				3284859017644D6700ECE0BE /* NSDate+RFC1123.m */,
				3284859117644D6700ECE0BE /* NSDictionary+RequestEncoding.h */,
				3284859217644D6700ECE0BE /* NSDictionary+RequestEncoding.m */,
				3284859317644D6700ECE0BE /* NSString+MKNetworkKitAdditions.h */,
				3284859417644D6700ECE0BE /* NSString+MKNetworkKitAdditions.m */,
				3284859517644D6700ECE0BE /* UIAlertView+MKNetworkKitAdditions.h */,
				3284859617644D6700ECE0BE /* UIAlertView+MKNetworkKitAdditions.m */,
			);
			path = Categories;
			sourceTree = "<group>";
		};
		3284859C17644D6700ECE0BE /* Reachability */ = {
			isa = PBXGroup;
			children = (
				3284859D17644D6700ECE0BE /* Reachability.h */,
				3284859E17644D6700ECE0BE /* Reachability.m */,
			);
			path = Reachability;
			sourceTree = "<group>";
		};
		3284859F17644D6700ECE0BE /* SDWebImage */ = {
			isa = PBXGroup;
			children = (
				328485A017644D6700ECE0BE /* MKAnnotationView+WebCache.h */,
				328485A117644D6700ECE0BE /* MKAnnotationView+WebCache.m */,
				328485A217644D6700ECE0BE /* SDImageCache.h */,
				328485A317644D6700ECE0BE /* SDImageCache.m */,
				328485A417644D6700ECE0BE /* SDImageCacheDelegate.h */,
				328485A517644D6700ECE0BE /* SDWebImageCompat.h */,
				328485A617644D6700ECE0BE /* SDWebImageDecoder.h */,
				328485A717644D6700ECE0BE /* SDWebImageDecoder.m */,
				328485A817644D6700ECE0BE /* SDWebImageDownloader.h */,
				328485A917644D6700ECE0BE /* SDWebImageDownloader.m */,
				328485AA17644D6700ECE0BE /* SDWebImageDownloaderDelegate.h */,
				328485AB17644D6700ECE0BE /* SDWebImageManager.h */,
				328485AC17644D6700ECE0BE /* SDWebImageManager.m */,
				328485AD17644D6700ECE0BE /* SDWebImageManagerDelegate.h */,
				328485AE17644D6700ECE0BE /* SDWebImagePrefetcher.h */,
				328485AF17644D6700ECE0BE /* SDWebImagePrefetcher.m */,
				328485B017644D6700ECE0BE /* UIButton+WebCache.h */,
				328485B117644D6700ECE0BE /* UIButton+WebCache.m */,
				328485B217644D6700ECE0BE /* UIImageView+WebCache.h */,
				328485B317644D6700ECE0BE /* UIImageView+WebCache.m */,
			);
			path = SDWebImage;
			sourceTree = "<group>";
		};
		328485B417644D6700ECE0BE /* SVProgressHUD */ = {
			isa = PBXGroup;
			children = (
				328485B517644D6700ECE0BE /* SVProgressHUD.bundle */,
				328485B617644D6700ECE0BE /* SVProgressHUD.h */,
				328485B717644D6700ECE0BE /* SVProgressHUD.m */,
			);
			path = SVProgressHUD;
			sourceTree = "<group>";
		};
		328485E2176454FC00ECE0BE /* PullingRefreshTableView */ = {
			isa = PBXGroup;
			children = (
				328485E31764550800ECE0BE /* blueArrow.png */,
				328485E41764550800ECE0BE /* blueArrow@2x.png */,
				328485E51764550800ECE0BE /* blueArrowDown.png */,
				328485E61764550800ECE0BE /* blueArrowDown@2x.png */,
				328485E71764550800ECE0BE /* PullingRefreshTableView.h */,
				328485E81764550800ECE0BE /* PullingRefreshTableView.m */,
			);
			path = PullingRefreshTableView;
			sourceTree = "<group>";
		};
		328485EE1764571D00ECE0BE /* FMDB */ = {
			isa = PBXGroup;
			children = (
				328485EF1764571D00ECE0BE /* FMDatabase.h */,
				328485F01764571D00ECE0BE /* FMDatabase.m */,
				328485F11764571D00ECE0BE /* FMDatabaseAdditions.h */,
				328485F21764571D00ECE0BE /* FMDatabaseAdditions.m */,
				328485F31764571D00ECE0BE /* FMDatabasePool.h */,
				328485F41764571D00ECE0BE /* FMDatabasePool.m */,
				328485F51764571D00ECE0BE /* FMDatabaseQueue.h */,
				328485F61764571D00ECE0BE /* FMDatabaseQueue.m */,
				328485F71764571D00ECE0BE /* FMResultSet.h */,
				328485F81764571D00ECE0BE /* FMResultSet.m */,
			);
			path = FMDB;
			sourceTree = "<group>";
		};
		32A01408176AB0C400986D02 /* ADView */ = {
			isa = PBXGroup;
			children = (
				32A01409176AB0E000986D02 /* HJFADView.h */,
				32A0140A176AB0E000986D02 /* HJFADView.m */,
			);
			path = ADView;
			sourceTree = "<group>";
		};
		32A5F3B5176996BA003F0979 /* ColumnBar */ = {
			isa = PBXGroup;
			children = (
				32A5F3B6176996F5003F0979 /* ColumnBar.h */,
				32A5F3B7176996F5003F0979 /* ColumnBar.m */,
				32A5F3B917699BB0003F0979 /* navbar_left_more.png */,
				32A5F3BA17699BB0003F0979 /* navbar_left_more@2x.png */,
				32A5F3BB17699BB0003F0979 /* navbar_right_more.png */,
				32A5F3BC17699BB0003F0979 /* navbar_right_more@2x.png */,
				32A5F3BD17699BB0003F0979 /* navbar_background.png */,
				32A5F3BE17699BB0003F0979 /* navbar_background@2x.png */,
				32A5F3BF17699BB0003F0979 /* navbar_selected_background.png */,
				32A5F3C017699BB0003F0979 /* navbar_selected_background@2x.png */,
			);
			path = ColumnBar;
			sourceTree = "<group>";
		};
		32A5F3C91769A25F003F0979 /* hjfFZ */ = {
			isa = PBXGroup;
			children = (
				32A5F3CA1769A25F003F0979 /* EliteHuiHttp.h */,
				32A5F3CB1769A25F003F0979 /* EliteHuiHttp.m */,
				32A5F3CC1769A25F003F0979 /* GrandHeader.h */,
				32A5F3CD1769A25F003F0979 /* HJFiosUI.h */,
				32A5F3CE1769A25F003F0979 /* HJFiosUI.m */,
				32A5F3CF1769A25F003F0979 /* Util.h */,
				32A5F3D01769A25F003F0979 /* Util.m */,
			);
			path = hjfFZ;
			sourceTree = "<group>";
		};
		32B748F41762BC0500B32F88 = {
			isa = PBXGroup;
			children = (
				32B7491D1762BC6300B32F88 /* Classess */,
				32B749211762BC6300B32F88 /* SDK */,
				32B749221762BC6300B32F88 /* Sources */,
				32B749061762BC0500B32F88 /* EliteHui */,
				32B748FF1762BC0500B32F88 /* Frameworks */,
				32B748FE1762BC0500B32F88 /* Products */,
			);
			sourceTree = "<group>";
		};
		32B748FE1762BC0500B32F88 /* Products */ = {
			isa = PBXGroup;
			children = (
				32B748FD1762BC0500B32F88 /* EliteHui.app */,
			);
			name = Products;
			sourceTree = "<group>";
		};
		32B748FF1762BC0500B32F88 /* Frameworks */ = {
			isa = PBXGroup;
			children = (
				328485FE1764573100ECE0BE /* libsqlite3.0.dylib */,
				328485DA17644DD700ECE0BE /* libz.1.2.5.dylib */,
				328485E017644DF200ECE0BE /* ImageIO.framework */,
				328485DE17644DE900ECE0BE /* MapKit.framework */,
				328485DC17644DE000ECE0BE /* MobileCoreServices.framework */,
				328485D817644DBE00ECE0BE /* QuartzCore.framework */,
				328485D617644DB900ECE0BE /* Security.framework */,
				328485D417644DB400ECE0BE /* SystemConfiguration.framework */,
				328485D217644DAF00ECE0BE /* CFNetwork.framework */,
				32B749001762BC0500B32F88 /* UIKit.framework */,
				32B749021762BC0500B32F88 /* Foundation.framework */,
				32B749041762BC0500B32F88 /* CoreGraphics.framework */,
			);
			name = Frameworks;
			sourceTree = "<group>";
		};
		32B749061762BC0500B32F88 /* EliteHui */ = {
			isa = PBXGroup;
			children = (
				32B7490F1762BC0500B32F88 /* AppDelegate.h */,
				32B749101762BC0500B32F88 /* AppDelegate.m */,
				32848534176407FD00ECE0BE /* EliteHuiViewController.h */,
				32848535176407FD00ECE0BE /* EliteHuiViewController.m */,
				3284854F1764112F00ECE0BE /* tabbar */,
				32B749071762BC0500B32F88 /* Supporting Files */,
			);
			path = EliteHui;
			sourceTree = "<group>";
		};
		32B749071762BC0500B32F88 /* Supporting Files */ = {
			isa = PBXGroup;
			children = (
				32B749081762BC0500B32F88 /* EliteHui-Info.plist */,
				32B749091762BC0500B32F88 /* InfoPlist.strings */,
				32B7490C1762BC0500B32F88 /* main.m */,
				32B7490E1762BC0500B32F88 /* EliteHui-Prefix.pch */,
				32B749121762BC0500B32F88 /* Default.png */,
				32B749141762BC0500B32F88 /* Default@2x.png */,
				32B749161762BC0500B32F88 /* Default-568h@2x.png */,
			);
			name = "Supporting Files";
			sourceTree = "<group>";
		};
		32B7491D1762BC6300B32F88 /* Classess */ = {
			isa = PBXGroup;
			children = (
				32B7491E1762BC6300B32F88 /* Controller */,
				32B7491F1762BC6300B32F88 /* Model */,
				32B749201762BC6300B32F88 /* UIView */,
			);
			path = Classess;
			sourceTree = "<group>";
		};
		32B7491E1762BC6300B32F88 /* Controller */ = {
			isa = PBXGroup;
			children = (
				3284856817641CB800ECE0BE /* denglu */,
				3284853D17640A7700ECE0BE /* shouye */,
				3284853E17640A7700ECE0BE /* tongxunlu */,
				3284853C17640A7700ECE0BE /* danwei */,
				3284853F17640A7700ECE0BE /* wo */,
				3284853B17640A7700ECE0BE /* baibaixiang */,
			);
			path = Controller;
			sourceTree = "<group>";
		};
		32B7491F1762BC6300B32F88 /* Model */ = {
			isa = PBXGroup;
			children = (
				328486031764791A00ECE0BE /* HomePageCell.h */,
				328486041764791A00ECE0BE /* HomePageCell.m */,
			);
			path = Model;
			sourceTree = "<group>";
		};
		32B749201762BC6300B32F88 /* UIView */ = {
			isa = PBXGroup;
			children = (
			);
			path = UIView;
			sourceTree = "<group>";
		};
		32B749211762BC6300B32F88 /* SDK */ = {
			isa = PBXGroup;
			children = (
				32A01408176AB0C400986D02 /* ADView */,
				32A5F3C91769A25F003F0979 /* hjfFZ */,
				32A5F3B5176996BA003F0979 /* ColumnBar */,
				328485EE1764571D00ECE0BE /* FMDB */,
				328485E2176454FC00ECE0BE /* PullingRefreshTableView */,
				3284857617644D6600ECE0BE /* ASIHttpRequest */,
				3284858B17644D6700ECE0BE /* MKNetworkKit */,
				3284859F17644D6700ECE0BE /* SDWebImage */,
				328485B417644D6700ECE0BE /* SVProgressHUD */,
				3284857217644C6800ECE0BE /* MBProgressHUD */,
			);
			path = SDK;
			sourceTree = "<group>";
		};
		32B749221762BC6300B32F88 /* Sources */ = {
			isa = PBXGroup;
			children = (
				32B749231762BC6300B32F88 /* 1x */,
				32B749241762BC6300B32F88 /* 2x */,
			);
			path = Sources;
			sourceTree = "<group>";
		};
		32B749231762BC6300B32F88 /* 1x */ = {
			isa = PBXGroup;
			children = (
			);
			path = 1x;
			sourceTree = "<group>";
		};
		32B749241762BC6300B32F88 /* 2x */ = {
			isa = PBXGroup;
			children = (
			);
			path = 2x;
			sourceTree = "<group>";
		};
/* End PBXGroup section */

/* Begin PBXNativeTarget section */
		32B748FC1762BC0500B32F88 /* EliteHui */ = {
			isa = PBXNativeTarget;
			buildConfigurationList = 32B7491A1762BC0500B32F88 /* Build configuration list for PBXNativeTarget "EliteHui" */;
			buildPhases = (
				32B748F91762BC0500B32F88 /* Sources */,
				32B748FA1762BC0500B32F88 /* Frameworks */,
				32B748FB1762BC0500B32F88 /* Resources */,
			);
			buildRules = (
			);
			dependencies = (
			);
			name = EliteHui;
			productName = EliteHui;
			productReference = 32B748FD1762BC0500B32F88 /* EliteHui.app */;
			productType = "com.apple.product-type.application";
		};
/* End PBXNativeTarget section */

/* Begin PBXProject section */
		32B748F51762BC0500B32F88 /* Project object */ = {
			isa = PBXProject;
			attributes = {
				LastUpgradeCheck = 0460;
				ORGANIZATIONNAME = hjf;
			};
			buildConfigurationList = 32B748F81762BC0500B32F88 /* Build configuration list for PBXProject "EliteHui" */;
			compatibilityVersion = "Xcode 3.2";
			developmentRegion = English;
			hasScannedForEncodings = 0;
			knownRegions = (
				en,
			);
			mainGroup = 32B748F41762BC0500B32F88;
			productRefGroup = 32B748FE1762BC0500B32F88 /* Products */;
			projectDirPath = "";
			projectRoot = "";
			targets = (
				32B748FC1762BC0500B32F88 /* EliteHui */,
			);
		};
/* End PBXProject section */

/* Begin PBXResourcesBuildPhase section */
		32B748FB1762BC0500B32F88 /* Resources */ = {
			isa = PBXResourcesBuildPhase;
			buildActionMask = 2147483647;
			files = (
				32B7490B1762BC0500B32F88 /* InfoPlist.strings in Resources */,
				32B749131762BC0500B32F88 /* Default.png in Resources */,
				32B749151762BC0500B32F88 /* Default@2x.png in Resources */,
				32B749171762BC0500B32F88 /* Default-568h@2x.png in Resources */,
				3284855C1764112F00ECE0BE /* cache.png in Resources */,
				3284855D1764112F00ECE0BE /* cache2x.png in Resources */,
				3284855E1764112F00ECE0BE /* ClassicCase.png in Resources */,
				3284855F1764112F00ECE0BE /* ClassicCase@2x.png in Resources */,
				328485601764112F00ECE0BE /* homepage.png in Resources */,
				328485611764112F00ECE0BE /* homepage2x.png in Resources */,
				328485621764112F00ECE0BE /* online.png in Resources */,
				328485631764112F00ECE0BE /* online2x.png in Resources */,
				328485641764112F00ECE0BE /* phone.png in Resources */,
				328485651764112F00ECE0BE /* phone2x.png in Resources */,
				328485661764112F00ECE0BE /* tabbar.png in Resources */,
				328485671764112F00ECE0BE /* tabbar2x.png in Resources */,
				328485D017644D6700ECE0BE /* SVProgressHUD.bundle in Resources */,
				328485E91764550800ECE0BE /* blueArrow.png in Resources */,
				328485EA1764550800ECE0BE /* blueArrow@2x.png in Resources */,
				328485EB1764550800ECE0BE /* blueArrowDown.png in Resources */,
				328485EC1764550800ECE0BE /* blueArrowDown@2x.png in Resources */,
				32A5F3C117699BB0003F0979 /* navbar_left_more.png in Resources */,
				32A5F3C217699BB0003F0979 /* navbar_left_more@2x.png in Resources */,
				32A5F3C317699BB0003F0979 /* navbar_right_more.png in Resources */,
				32A5F3C417699BB0003F0979 /* navbar_right_more@2x.png in Resources */,
				32A5F3C517699BB0003F0979 /* navbar_background.png in Resources */,
				32A5F3C617699BB0003F0979 /* navbar_background@2x.png in Resources */,
				32A5F3C717699BB0003F0979 /* navbar_selected_background.png in Resources */,
				32A5F3C817699BB0003F0979 /* navbar_selected_background@2x.png in Resources */,
			);
			runOnlyForDeploymentPostprocessing = 0;
		};
/* End PBXResourcesBuildPhase section */

/* Begin PBXSourcesBuildPhase section */
		32B748F91762BC0500B32F88 /* Sources */ = {
			isa = PBXSourcesBuildPhase;
			buildActionMask = 2147483647;
			files = (
				32B7490D1762BC0500B32F88 /* main.m in Sources */,
				32B749111762BC0500B32F88 /* AppDelegate.m in Sources */,
				32848536176407FD00ECE0BE /* EliteHuiViewController.m in Sources */,
				3284854217640A9B00ECE0BE /* HomePageViewController.m in Sources */,
				3284854517640AB200ECE0BE /* ContactsViewController.m in Sources */,
				3284854817640AC300ECE0BE /* UnitViewController.m in Sources */,
				3284854B17640ACE00ECE0BE /* MeViewController.m in Sources */,
				3284854E17640AE300ECE0BE /* GalleryViewController.m in Sources */,
				3284856B17641CCF00ECE0BE /* LogViewController.m in Sources */,
				3284857517644C7400ECE0BE /* MBProgressHUD.m in Sources */,
				328485B817644D6700ECE0BE /* ASIAuthenticationDialog.m in Sources */,
				328485B917644D6700ECE0BE /* ASIDataCompressor.m in Sources */,
				328485BA17644D6700ECE0BE /* ASIDataDecompressor.m in Sources */,
				328485BB17644D6700ECE0BE /* ASIDownloadCache.m in Sources */,
				328485BC17644D6700ECE0BE /* ASIFormDataRequest.m in Sources */,
				328485BD17644D6700ECE0BE /* ASIHTTPRequest.m in Sources */,
				328485BE17644D6700ECE0BE /* ASIInputStream.m in Sources */,
				328485BF17644D6700ECE0BE /* ASINetworkQueue.m in Sources */,
				328485C017644D6700ECE0BE /* NSData+MKBase64.m in Sources */,
				328485C117644D6700ECE0BE /* NSDate+RFC1123.m in Sources */,
				328485C217644D6700ECE0BE /* NSDictionary+RequestEncoding.m in Sources */,
				328485C317644D6700ECE0BE /* NSString+MKNetworkKitAdditions.m in Sources */,
				328485C417644D6700ECE0BE /* UIAlertView+MKNetworkKitAdditions.m in Sources */,
				328485C517644D6700ECE0BE /* MKNetworkEngine.m in Sources */,
				328485C617644D6700ECE0BE /* MKNetworkOperation.m in Sources */,
				328485C717644D6700ECE0BE /* Reachability.m in Sources */,
				328485C817644D6700ECE0BE /* MKAnnotationView+WebCache.m in Sources */,
				328485C917644D6700ECE0BE /* SDImageCache.m in Sources */,
				328485CA17644D6700ECE0BE /* SDWebImageDecoder.m in Sources */,
				328485CB17644D6700ECE0BE /* SDWebImageDownloader.m in Sources */,
				328485CC17644D6700ECE0BE /* SDWebImageManager.m in Sources */,
				328485CD17644D6700ECE0BE /* SDWebImagePrefetcher.m in Sources */,
				328485CE17644D6700ECE0BE /* UIButton+WebCache.m in Sources */,
				328485CF17644D6700ECE0BE /* UIImageView+WebCache.m in Sources */,
				328485D117644D6700ECE0BE /* SVProgressHUD.m in Sources */,
				328485ED1764550800ECE0BE /* PullingRefreshTableView.m in Sources */,
				328485F91764571D00ECE0BE /* FMDatabase.m in Sources */,
				328485FA1764571D00ECE0BE /* FMDatabaseAdditions.m in Sources */,
				328485FB1764571D00ECE0BE /* FMDatabasePool.m in Sources */,
				328485FC1764571D00ECE0BE /* FMDatabaseQueue.m in Sources */,
				328485FD1764571D00ECE0BE /* FMResultSet.m in Sources */,
				328486051764791A00ECE0BE /* HomePageCell.m in Sources */,
				32E7E5571766F7B50042C6F7 /* RegisterViewController.m in Sources */,
				32A5F3B8176996F5003F0979 /* ColumnBar.m in Sources */,
				32A5F3D11769A25F003F0979 /* EliteHuiHttp.m in Sources */,
				32A5F3D21769A25F003F0979 /* HJFiosUI.m in Sources */,
				32A5F3D31769A25F003F0979 /* Util.m in Sources */,
				32A0140B176AB0E000986D02 /* HJFADView.m in Sources */,
			);
			runOnlyForDeploymentPostprocessing = 0;
		};
/* End PBXSourcesBuildPhase section */

/* Begin PBXVariantGroup section */
		32B749091762BC0500B32F88 /* InfoPlist.strings */ = {
			isa = PBXVariantGroup;
			children = (
				32B7490A1762BC0500B32F88 /* en */,
			);
			name = InfoPlist.strings;
			sourceTree = "<group>";
		};
/* End PBXVariantGroup section */

/* Begin XCBuildConfiguration section */
		32B749181762BC0500B32F88 /* Debug */ = {
			isa = XCBuildConfiguration;
			buildSettings = {
				ALWAYS_SEARCH_USER_PATHS = NO;
				CLANG_CXX_LANGUAGE_STANDARD = "gnu++0x";
				CLANG_CXX_LIBRARY = "libc++";
				CLANG_ENABLE_OBJC_ARC = YES;
				CLANG_WARN_CONSTANT_CONVERSION = YES;
				CLANG_WARN_EMPTY_BODY = YES;
				CLANG_WARN_ENUM_CONVERSION = YES;
				CLANG_WARN_INT_CONVERSION = YES;
				CLANG_WARN__DUPLICATE_METHOD_MATCH = YES;
				"CODE_SIGN_IDENTITY[sdk=iphoneos*]" = "iPhone Developer";
				COPY_PHASE_STRIP = NO;
				GCC_C_LANGUAGE_STANDARD = gnu99;
				GCC_DYNAMIC_NO_PIC = NO;
				GCC_OPTIMIZATION_LEVEL = 0;
				GCC_PREPROCESSOR_DEFINITIONS = (
					"DEBUG=1",
					"$(inherited)",
				);
				GCC_SYMBOLS_PRIVATE_EXTERN = NO;
				GCC_WARN_ABOUT_RETURN_TYPE = YES;
				GCC_WARN_UNINITIALIZED_AUTOS = YES;
				GCC_WARN_UNUSED_VARIABLE = YES;
				IPHONEOS_DEPLOYMENT_TARGET = 6.1;
				ONLY_ACTIVE_ARCH = YES;
				OTHER_LDFLAGS = "";
				SDKROOT = iphoneos;
			};
			name = Debug;
		};
		32B749191762BC0500B32F88 /* Release */ = {
			isa = XCBuildConfiguration;
			buildSettings = {
				ALWAYS_SEARCH_USER_PATHS = NO;
				CLANG_CXX_LANGUAGE_STANDARD = "gnu++0x";
				CLANG_CXX_LIBRARY = "libc++";
				CLANG_ENABLE_OBJC_ARC = YES;
				CLANG_WARN_CONSTANT_CONVERSION = YES;
				CLANG_WARN_EMPTY_BODY = YES;
				CLANG_WARN_ENUM_CONVERSION = YES;
				CLANG_WARN_INT_CONVERSION = YES;
				CLANG_WARN__DUPLICATE_METHOD_MATCH = YES;
				"CODE_SIGN_IDENTITY[sdk=iphoneos*]" = "iPhone Developer";
				COPY_PHASE_STRIP = YES;
				GCC_C_LANGUAGE_STANDARD = gnu99;
				GCC_WARN_ABOUT_RETURN_TYPE = YES;
				GCC_WARN_UNINITIALIZED_AUTOS = YES;
				GCC_WARN_UNUSED_VARIABLE = YES;
				IPHONEOS_DEPLOYMENT_TARGET = 6.1;
				OTHER_CFLAGS = "-DNS_BLOCK_ASSERTIONS=1";
				OTHER_LDFLAGS = "";
				SDKROOT = iphoneos;
				VALIDATE_PRODUCT = YES;
			};
			name = Release;
		};
		32B7491B1762BC0500B32F88 /* Debug */ = {
			isa = XCBuildConfiguration;
			buildSettings = {
				FRAMEWORK_SEARCH_PATHS = (
					"$(inherited)",
					"\"$(SRCROOT)\"",
				);
				GCC_PRECOMPILE_PREFIX_HEADER = YES;
				GCC_PREFIX_HEADER = "EliteHui/EliteHui-Prefix.pch";
				INFOPLIST_FILE = "EliteHui/EliteHui-Info.plist";
				OTHER_LDFLAGS = "";
				PRODUCT_NAME = "$(TARGET_NAME)";
				WRAPPER_EXTENSION = app;
			};
			name = Debug;
		};
		32B7491C1762BC0500B32F88 /* Release */ = {
			isa = XCBuildConfiguration;
			buildSettings = {
				FRAMEWORK_SEARCH_PATHS = (
					"$(inherited)",
					"\"$(SRCROOT)\"",
				);
				GCC_PRECOMPILE_PREFIX_HEADER = YES;
				GCC_PREFIX_HEADER = "EliteHui/EliteHui-Prefix.pch";
				INFOPLIST_FILE = "EliteHui/EliteHui-Info.plist";
				OTHER_LDFLAGS = "";
				PRODUCT_NAME = "$(TARGET_NAME)";
				WRAPPER_EXTENSION = app;
			};
			name = Release;
		};
/* End XCBuildConfiguration section */

/* Begin XCConfigurationList section */
		32B748F81762BC0500B32F88 /* Build configuration list for PBXProject "EliteHui" */ = {
			isa = XCConfigurationList;
			buildConfigurations = (
				32B749181762BC0500B32F88 /* Debug */,
				32B749191762BC0500B32F88 /* Release */,
			);
			defaultConfigurationIsVisible = 0;
			defaultConfigurationName = Release;
		};
		32B7491A1762BC0500B32F88 /* Build configuration list for PBXNativeTarget "EliteHui" */ = {
			isa = XCConfigurationList;
			buildConfigurations = (
				32B7491B1762BC0500B32F88 /* Debug */,
				32B7491C1762BC0500B32F88 /* Release */,
			);
			defaultConfigurationIsVisible = 0;
			defaultConfigurationName = Release;
		};
/* End XCConfigurationList section */
	};
	rootObject = 32B748F51762BC0500B32F88 /* Project object */;
}
